
Microsoft Visual Studio Solution File, Format Version 12.00
# Visual Studio 14
VisualStudioVersion = 14.0.25420.1
MinimumVisualStudioVersion = 10.0.40219.1
Project("{8BB2217D-0F2D-49D1-97BC-3654ED321F3B}") = "Data", "Data\Data.xproj", "{3A975CCB-E6B5-42E6-928F-E6E708DDD428}"
EndProject
Project("{8BB2217D-0F2D-49D1-97BC-3654ED321F3B}") = "Data_test", "Data_test\Data_test.xproj", "{DBB7A7EE-4F47-41D7-8A0D-DFA0DAD7C913}"
EndProject
Global
	GlobalSection(SolutionConfigurationPlatforms) = preSolution
		Debug|Any CPU = Debug|Any CPU
		Release|Any CPU = Release|Any CPU
	EndGlobalSection
	GlobalSection(ProjectConfigurationPlatforms) = postSolution
		{3A975CCB-E6B5-42E6-928F-E6E708DDD428}.Debug|Any CPU.ActiveCfg = Debug|Any CPU
		{3A975CCB-E6B5-42E6-928F-E6E708DDD428}.Debug|Any CPU.Build.0 = Debug|Any CPU
		{3A975CCB-E6B5-42E6-928F-E6E708DDD428}.Release|Any CPU.ActiveCfg = Release|Any CPU
		{3A975CCB-E6B5-42E6-928F-E6E708DDD428}.Release|Any CPU.Build.0 = Release|Any CPU
		{DBB7A7EE-4F47-41D7-8A0D-DFA0DAD7C913}.Debug|Any CPU.ActiveCfg = Debug|Any CPU
		{DBB7A7EE-4F47-41D7-8A0D-DFA0DAD7C913}.Debug|Any CPU.Build.0 = Debug|Any CPU
		{DBB7A7EE-4F47-41D7-8A0D-DFA0DAD7C913}.Release|Any CPU.ActiveCfg = Release|Any CPU
		{DBB7A7EE-4F47-41D7-8A0D-DFA0DAD7C913}.Release|Any CPU.Build.0 = Release|Any CPU
	EndGlobalSection
	GlobalSection(SolutionProperties) = preSolution
		HideSolutionNode = FALSE
	EndGlobalSection
EndGlobal
